
Microsoft Visual Studio Solution File, Format Version 12.00
# Visual Studio Version 17
VisualStudioVersion = 17.9.34728.123
MinimumVisualStudioVersion = 10.0.40219.1
Project("{FAE04EC0-301F-11D3-BF4B-00C04F79EFBC}") = "Heart-Clinic", "Heart-Clinic\Heart-Clinic.csproj", "{C2A9EBA2-032A-4194-86C6-0E9106197ECE}"
EndProject
Global
	GlobalSection(SolutionConfigurationPlatforms) = preSolution
		Debug|Any CPU = Debug|Any CPU
		Release|Any CPU = Release|Any CPU
	EndGlobalSection
	GlobalSection(ProjectConfigurationPlatforms) = postSolution
		{C2A9EBA2-032A-4194-86C6-0E9106197ECE}.Debug|Any CPU.ActiveCfg = Debug|Any CPU
		{C2A9EBA2-032A-4194-86C6-0E9106197ECE}.Debug|Any CPU.Build.0 = Debug|Any CPU
		{C2A9EBA2-032A-4194-86C6-0E9106197ECE}.Release|Any CPU.ActiveCfg = Release|Any CPU
		{C2A9EBA2-032A-4194-86C6-0E9106197ECE}.Release|Any CPU.Build.0 = Release|Any CPU
	EndGlobalSection
	GlobalSection(SolutionProperties) = preSolution
		HideSolutionNode = FALSE
	EndGlobalSection
	GlobalSection(ExtensibilityGlobals) = postSolution
		SolutionGuid = {40935C9D-7964-4430-B548-799FB6129891}
	EndGlobalSection
EndGlobal
